
Microsoft Visual Studio Solution File, Format Version 12.00
# Visual Studio Version 16
VisualStudioVersion = 16.0.31624.102
MinimumVisualStudioVersion = 10.0.40219.1
Project("{FAE04EC0-301F-11D3-BF4B-00C04F79EFBC}") = "BookStoreAPI", "BookStoreAPI.csproj", "{134E96AE-A0D6-4A59-8C38-6C7B11FA0D2D}"
EndProject
Global
	GlobalSection(SolutionConfigurationPlatforms) = preSolution
		Debug|Any CPU = Debug|Any CPU
		Release|Any CPU = Release|Any CPU
	EndGlobalSection
	GlobalSection(ProjectConfigurationPlatforms) = postSolution
		{134E96AE-A0D6-4A59-8C38-6C7B11FA0D2D}.Debug|Any CPU.ActiveCfg = Debug|Any CPU
		{134E96AE-A0D6-4A59-8C38-6C7B11FA0D2D}.Debug|Any CPU.Build.0 = Debug|Any CPU
		{134E96AE-A0D6-4A59-8C38-6C7B11FA0D2D}.Release|Any CPU.ActiveCfg = Release|Any CPU
		{134E96AE-A0D6-4A59-8C38-6C7B11FA0D2D}.Release|Any CPU.Build.0 = Release|Any CPU
	EndGlobalSection
	GlobalSection(SolutionProperties) = preSolution
		HideSolutionNode = FALSE
	EndGlobalSection
	GlobalSection(ExtensibilityGlobals) = postSolution
		SolutionGuid = {3EA4496F-5A24-4FB4-A6CA-FE0ED11F9D76}
	EndGlobalSection
EndGlobal
